
Microsoft Visual Studio Solution File, Format Version 12.00
# Visual Studio Version 16
VisualStudioVersion = 16.0.31624.102
MinimumVisualStudioVersion = 10.0.40219.1
Project("{FAE04EC0-301F-11D3-BF4B-00C04F79EFBC}") = "TuristMen", "TuristMen\TuristMen.csproj", "{EE150187-F83E-4ACB-A0E0-A2ECA7A33EA6}"
EndProject
Global
	GlobalSection(SolutionConfigurationPlatforms) = preSolution
		Debug|Any CPU = Debug|Any CPU
		Release|Any CPU = Release|Any CPU
	EndGlobalSection
	GlobalSection(ProjectConfigurationPlatforms) = postSolution
		{EE150187-F83E-4ACB-A0E0-A2ECA7A33EA6}.Debug|Any CPU.ActiveCfg = Debug|Any CPU
		{EE150187-F83E-4ACB-A0E0-A2ECA7A33EA6}.Debug|Any CPU.Build.0 = Debug|Any CPU
		{EE150187-F83E-4ACB-A0E0-A2ECA7A33EA6}.Release|Any CPU.ActiveCfg = Release|Any CPU
		{EE150187-F83E-4ACB-A0E0-A2ECA7A33EA6}.Release|Any CPU.Build.0 = Release|Any CPU
	EndGlobalSection
	GlobalSection(SolutionProperties) = preSolution
		HideSolutionNode = FALSE
	EndGlobalSection
	GlobalSection(ExtensibilityGlobals) = postSolution
		SolutionGuid = {326F9E63-032E-446D-BBE8-08A6B60E7BD2}
	EndGlobalSection
EndGlobal
